<?xml version="1.0" encoding="utf-8"?>
<Project ToolsVersion="4.0" xmlns="http://schemas.microsoft.com/developer/msbuild/2003">
  <ItemGroup>
    <Filter Include="源文件">
      <UniqueIdentifier>{4FC737F1-C7A5-4376-A066-2A32D752A2FF}</UniqueIdentifier>
      <Extensions>cpp;c;cc;cxx;c++;cppm;ixx;def;odl;idl;hpj;bat;asm;asmx</Extensions>
    </Filter>
    <Filter Include="头文件">
      <UniqueIdentifier>{93995380-89BD-4b04-88EB-625FBE52EBFB}</UniqueIdentifier>
      <Extensions>h;hh;hpp;hxx;h++;hm;inl;inc;ipp;xsd</Extensions>
    </Filter>
    <Filter Include="资源文件">
      <UniqueIdentifier>{67DA6AB6-F800-4c08-8B7A-83BB121AAD01}</UniqueIdentifier>
      <Extensions>rc;ico;cur;bmp;dlg;rc2;rct;bin;rgs;gif;jpg;jpeg;jpe;resx;tiff;tif;png;wav;mfcribbon-ms</Extensions>
    </Filter>
    <Filter Include="GLAD">
      <UniqueIdentifier>{02aacf18-8d04-4be9-b79d-47eeb9c18332}</UniqueIdentifier>
    </Filter>
  </ItemGroup>
  <ItemGroup>
    <ClCompile Include="source\IronEngine.cpp">
      <Filter>源文件</Filter>
    </ClCompile>
    <ClCompile Include="source\IronObject.cpp">
      <Filter>源文件</Filter>
    </ClCompile>
    <ClCompile Include="source\IronRender.cpp">
      <Filter>源文件</Filter>
    </ClCompile>
    <ClCompile Include="source\IronWindow.cpp">
      <Filter>源文件</Filter>
    </ClCompile>
    <ClCompile Include="..\glad.c">
      <Filter>GLAD</Filter>
    </ClCompile>
    <ClCompile Include="header\IronGrassEngine.cpp">
      <Filter>源文件</Filter>
    </ClCompile>
  </ItemGroup>
  <ItemGroup>
    <ClInclude Include="header\IronEngine.h">
      <Filter>头文件</Filter>
    </ClInclude>
    <ClInclude Include="header\IronGrassEngine.h">
      <Filter>头文件</Filter>
    </ClInclude>
    <ClInclude Include="header\IronObject.h">
      <Filter>头文件</Filter>
    </ClInclude>
    <ClInclude Include="header\IronRender.h">
      <Filter>头文件</Filter>
    </ClInclude>
    <ClInclude Include="header\IronWindow.h">
      <Filter>头文件</Filter>
    </ClInclude>
    <ClInclude Include="resource.h">
      <Filter>头文件</Filter>
    </ClInclude>
  </ItemGroup>
  <ItemGroup>
    <None Include="cpp.hint" />
    <None Include="packages.config" />
  </ItemGroup>
  <ItemGroup>
    <ResourceCompile Include="IronGrassEngine.rc">
      <Filter>资源文件</Filter>
    </ResourceCompile>
  </ItemGroup>
  <ItemGroup>
    <Image Include="..\IronGrass.ico">
      <Filter>资源文件</Filter>
    </Image>
  </ItemGroup>
</Project>